
Microsoft Visual Studio Solution File, Format Version 11.00
# Visual Studio 2010
Project("{FAE04EC0-301F-11D3-BF4B-00C04F79EFBC}") = "Nonagon.Geo", "Nonagon.Geo\Nonagon.Geo.csproj", "{A7E59EC8-80D5-433F-BE02-1259C50F9A27}"
EndProject
Global
	GlobalSection(SolutionConfigurationPlatforms) = preSolution
		Debug|Any CPU = Debug|Any CPU
		Release|Any CPU = Release|Any CPU
	EndGlobalSection
	GlobalSection(ProjectConfigurationPlatforms) = postSolution
		{A7E59EC8-80D5-433F-BE02-1259C50F9A27}.Debug|Any CPU.ActiveCfg = Debug|Any CPU
		{A7E59EC8-80D5-433F-BE02-1259C50F9A27}.Debug|Any CPU.Build.0 = Debug|Any CPU
		{A7E59EC8-80D5-433F-BE02-1259C50F9A27}.Release|Any CPU.ActiveCfg = Release|Any CPU
		{A7E59EC8-80D5-433F-BE02-1259C50F9A27}.Release|Any CPU.Build.0 = Release|Any CPU
	EndGlobalSection
	GlobalSection(MonoDevelopProperties) = preSolution
		StartupItem = Nonagon.Geo\Nonagon.Geo.csproj
	EndGlobalSection
EndGlobal
